
Microsoft Visual Studio Solution File, Format Version 12.00
# Visual Studio Version 16
VisualStudioVersion = 16.0.32901.82
MinimumVisualStudioVersion = 10.0.40219.1
Project("{FAE04EC0-301F-11D3-BF4B-00C04F79EFBC}") = "timer-ile-dijital-saat", "timer-ile-dijital-saat\timer-ile-dijital-saat.csproj", "{7DF0EBD3-1BAC-496E-A9F0-81C98C2E3269}"
EndProject
Global
	GlobalSection(SolutionConfigurationPlatforms) = preSolution
		Debug|Any CPU = Debug|Any CPU
		Release|Any CPU = Release|Any CPU
	EndGlobalSection
	GlobalSection(ProjectConfigurationPlatforms) = postSolution
		{7DF0EBD3-1BAC-496E-A9F0-81C98C2E3269}.Debug|Any CPU.ActiveCfg = Debug|Any CPU
		{7DF0EBD3-1BAC-496E-A9F0-81C98C2E3269}.Debug|Any CPU.Build.0 = Debug|Any CPU
		{7DF0EBD3-1BAC-496E-A9F0-81C98C2E3269}.Release|Any CPU.ActiveCfg = Release|Any CPU
		{7DF0EBD3-1BAC-496E-A9F0-81C98C2E3269}.Release|Any CPU.Build.0 = Release|Any CPU
	EndGlobalSection
	GlobalSection(SolutionProperties) = preSolution
		HideSolutionNode = FALSE
	EndGlobalSection
	GlobalSection(ExtensibilityGlobals) = postSolution
		SolutionGuid = {754588D4-F901-42A5-B3FA-EDA552F0B770}
	EndGlobalSection
EndGlobal
